
Microsoft Visual Studio Solution File, Format Version 12.00
# Visual Studio Version 17
VisualStudioVersion = 17.6.33723.286
MinimumVisualStudioVersion = 10.0.40219.1
Project("{FAE04EC0-301F-11D3-BF4B-00C04F79EFBC}") = "Estudo Herança", "Estudo Herança\Estudo Herança.csproj", "{DB71EA55-3FE9-4347-8724-8B016E80FF1B}"
EndProject
Global
	GlobalSection(SolutionConfigurationPlatforms) = preSolution
		Debug|Any CPU = Debug|Any CPU
		Release|Any CPU = Release|Any CPU
	EndGlobalSection
	GlobalSection(ProjectConfigurationPlatforms) = postSolution
		{DB71EA55-3FE9-4347-8724-8B016E80FF1B}.Debug|Any CPU.ActiveCfg = Debug|Any CPU
		{DB71EA55-3FE9-4347-8724-8B016E80FF1B}.Debug|Any CPU.Build.0 = Debug|Any CPU
		{DB71EA55-3FE9-4347-8724-8B016E80FF1B}.Release|Any CPU.ActiveCfg = Release|Any CPU
		{DB71EA55-3FE9-4347-8724-8B016E80FF1B}.Release|Any CPU.Build.0 = Release|Any CPU
	EndGlobalSection
	GlobalSection(SolutionProperties) = preSolution
		HideSolutionNode = FALSE
	EndGlobalSection
	GlobalSection(ExtensibilityGlobals) = postSolution
		SolutionGuid = {7FF53E95-F5BF-4AAA-BE64-F6388F3E2502}
	EndGlobalSection
EndGlobal
